<?xml version="1.0" encoding="utf-8"?>
<Project ToolsVersion="Current" xmlns="http://schemas.microsoft.com/developer/msbuild/2003">
  <ItemGroup>
    <Filter Include="Source Files">
      <UniqueIdentifier>{37c38f96-c4c3-45f8-9659-bade16c5f773}</UniqueIdentifier>
    </Filter>
    <Filter Include="Header Files">
      <UniqueIdentifier>{12317015-18a2-4587-9784-aacc253d82b7}</UniqueIdentifier>
    </Filter>
  </ItemGroup>
  <ItemGroup>
    <ClInclude Include="include\Decode.h">
      <Filter>Header Files</Filter>
    </ClInclude>
    <ClInclude Include="..\decode-include\chuckSH.h">
      <Filter>Header Files</Filter>
    </ClInclude>
    <ClInclude Include="..\decode-include\chugin.h">
      <Filter>Header Files</Filter>
    </ClInclude>
    <ClInclude Include="..\decode-include\DecoderBase.h">
      <Filter>Header Files</Filter>
    </ClInclude>
    <ClInclude Include="..\decode-include\SHCT.h">
      <Filter>Header Files</Filter>
    </ClInclude>
  </ItemGroup>
  <ItemGroup>
    <ClCompile Include="src\Decode.cpp">
      <Filter>Source Files</Filter>
    </ClCompile>
  </ItemGroup>
</Project>