<?xml version="1.0" encoding="utf-8"?>
<Project ToolsVersion="4.0" xmlns="http://schemas.microsoft.com/developer/msbuild/2003">
  <ItemGroup>
    <ClInclude Include="include\CrossoverCoefficients.h">
      <Filter>Header Files</Filter>
    </ClInclude>
    <ClInclude Include="..\decode-include\chuckSH.h">
      <Filter>Header Files</Filter>
    </ClInclude>
    <ClInclude Include="..\decode-include\chugin.h">
      <Filter>Header Files</Filter>
    </ClInclude>
    <ClInclude Include="..\decode-include\DecoderBase.h">
      <Filter>Header Files</Filter>
    </ClInclude>
    <ClInclude Include="..\decode-include\SHCT.h">
      <Filter>Header Files</Filter>
    </ClInclude>
    <ClInclude Include="include\DBDN.h">
      <Filter>Header Files</Filter>
    </ClInclude>
  </ItemGroup>
  <ItemGroup>
    <Filter Include="Source Files">
      <UniqueIdentifier>{60931c60-372a-4c44-9138-426aa6e0a756}</UniqueIdentifier>
    </Filter>
    <Filter Include="Header Files">
      <UniqueIdentifier>{5785ba9b-4c97-45e2-bd56-36a1be1e7d7a}</UniqueIdentifier>
    </Filter>
  </ItemGroup>
  <ItemGroup>
    <ClCompile Include="src\DBDN.cpp">
      <Filter>Source Files</Filter>
    </ClCompile>
  </ItemGroup>
</Project>